
Microsoft Visual Studio Solution File, Format Version 12.00
# Visual Studio 15
VisualStudioVersion = 15.0.28307.438
MinimumVisualStudioVersion = 10.0.40219.1
Project("{9A19103F-16F7-4668-BE54-9A1E7A4F7556}") = "KevinBlogApi.Core", "KevinBlogApi.Core\KevinBlogApi.Core.csproj", "{239D5F71-E966-498B-ADE7-2A57F4692DE8}"
EndProject
Project("{9A19103F-16F7-4668-BE54-9A1E7A4F7556}") = "KevinBlogApi.Data", "KevinBlogApi.Data\KevinBlogApi.Data.csproj", "{695C3AC0-159F-4AE6-9D97-678BD1D7FB4E}"
EndProject
Project("{9A19103F-16F7-4668-BE54-9A1E7A4F7556}") = "KevinBlogApi.Web", "KevinBlogApi.Web\KevinBlogApi.Web.csproj", "{B4161F2F-913A-42F6-B403-30EE26FD1A6D}"
EndProject
Global
	GlobalSection(SolutionConfigurationPlatforms) = preSolution
		Debug|Any CPU = Debug|Any CPU
		Release|Any CPU = Release|Any CPU
	EndGlobalSection
	GlobalSection(ProjectConfigurationPlatforms) = postSolution
		{239D5F71-E966-498B-ADE7-2A57F4692DE8}.Debug|Any CPU.ActiveCfg = Debug|Any CPU
		{239D5F71-E966-498B-ADE7-2A57F4692DE8}.Debug|Any CPU.Build.0 = Debug|Any CPU
		{239D5F71-E966-498B-ADE7-2A57F4692DE8}.Release|Any CPU.ActiveCfg = Release|Any CPU
		{239D5F71-E966-498B-ADE7-2A57F4692DE8}.Release|Any CPU.Build.0 = Release|Any CPU
		{695C3AC0-159F-4AE6-9D97-678BD1D7FB4E}.Debug|Any CPU.ActiveCfg = Debug|Any CPU
		{695C3AC0-159F-4AE6-9D97-678BD1D7FB4E}.Debug|Any CPU.Build.0 = Debug|Any CPU
		{695C3AC0-159F-4AE6-9D97-678BD1D7FB4E}.Release|Any CPU.ActiveCfg = Release|Any CPU
		{695C3AC0-159F-4AE6-9D97-678BD1D7FB4E}.Release|Any CPU.Build.0 = Release|Any CPU
		{B4161F2F-913A-42F6-B403-30EE26FD1A6D}.Debug|Any CPU.ActiveCfg = Debug|Any CPU
		{B4161F2F-913A-42F6-B403-30EE26FD1A6D}.Debug|Any CPU.Build.0 = Debug|Any CPU
		{B4161F2F-913A-42F6-B403-30EE26FD1A6D}.Release|Any CPU.ActiveCfg = Release|Any CPU
		{B4161F2F-913A-42F6-B403-30EE26FD1A6D}.Release|Any CPU.Build.0 = Release|Any CPU
	EndGlobalSection
	GlobalSection(SolutionProperties) = preSolution
		HideSolutionNode = FALSE
	EndGlobalSection
	GlobalSection(ExtensibilityGlobals) = postSolution
		SolutionGuid = {0EAB3E92-A677-4780-A689-3F563BC9D2CE}
	EndGlobalSection
EndGlobal
